{
  "version": 4,
  "terraform_version": "0.13.4",
  "serial": 46,
  "lineage": "13283893-bf28-bfe3-2c00-842de009a200",
  "outputs": {},
  "resources": [
    {
      "mode": "managed",
      "type": "aws_elb",
      "name": "eshop-elb",
      "provider": "provider[\"registry.terraform.io/hashicorp/aws\"]",
      "instances": []
    },
    {
      "mode": "managed",
      "type": "aws_internet_gateway",
      "name": "eshop_igw",
      "provider": "provider[\"registry.terraform.io/hashicorp/aws\"]",
      "instances": [
        {
          "schema_version": 0,
          "attributes": {
            "arn": "arn:aws:ec2:us-east-1:797526292966:internet-gateway/igw-08ab5e45e7fce79e3",
            "id": "igw-08ab5e45e7fce79e3",
            "owner_id": "797526292966",
            "tags": {
              "Name": "main"
            },
            "vpc_id": "vpc-0e48d1e2f709523f8"
          },
          "private": "bnVsbA==",
          "dependencies": [
            "aws_vpc.eshop_vpc"
          ]
        }
      ]
    },
    {
      "mode": "managed",
      "type": "aws_route_table",
      "name": "public_rt",
      "provider": "provider[\"registry.terraform.io/hashicorp/aws\"]",
      "instances": [
        {
          "schema_version": 0,
          "attributes": {
            "id": "rtb-03212eef8a47194ff",
            "owner_id": "797526292966",
            "propagating_vgws": [],
            "route": [
              {
                "cidr_block": "0.0.0.0/0",
                "egress_only_gateway_id": "",
                "gateway_id": "igw-08ab5e45e7fce79e3",
                "instance_id": "",
                "ipv6_cidr_block": "",
                "local_gateway_id": "",
                "nat_gateway_id": "",
                "network_interface_id": "",
                "transit_gateway_id": "",
                "vpc_peering_connection_id": ""
              }
            ],
            "tags": {
              "Name": "publicRouteTable"
            },
            "vpc_id": "vpc-0e48d1e2f709523f8"
          },
          "private": "bnVsbA==",
          "dependencies": [
            "aws_internet_gateway.eshop_igw",
            "aws_vpc.eshop_vpc"
          ]
        }
      ]
    },
    {
      "mode": "managed",
      "type": "aws_route_table_association",
      "name": "a",
      "provider": "provider[\"registry.terraform.io/hashicorp/aws\"]",
      "instances": [
        {
          "index_key": 0,
          "schema_version": 0,
          "attributes": {
            "gateway_id": null,
            "id": "rtbassoc-0f27311d433e04b07",
            "route_table_id": "rtb-03212eef8a47194ff",
            "subnet_id": "subnet-066ea6b1ff738d402"
          },
          "private": "bnVsbA==",
          "dependencies": [
            "aws_internet_gateway.eshop_igw",
            "aws_route_table.public_rt",
            "aws_subnet.public",
            "aws_vpc.eshop_vpc"
          ]
        },
        {
          "index_key": 1,
          "schema_version": 0,
          "attributes": {
            "gateway_id": null,
            "id": "rtbassoc-0b03d5f2b5039a148",
            "route_table_id": "rtb-03212eef8a47194ff",
            "subnet_id": "subnet-024bb9624a8036f85"
          },
          "private": "bnVsbA==",
          "dependencies": [
            "aws_internet_gateway.eshop_igw",
            "aws_route_table.public_rt",
            "aws_subnet.public",
            "aws_vpc.eshop_vpc"
          ]
        }
      ]
    },
    {
      "mode": "managed",
      "type": "aws_security_group",
      "name": "webservers",
      "provider": "provider[\"registry.terraform.io/hashicorp/aws\"]",
      "instances": [
        {
          "schema_version": 1,
          "attributes": {
            "arn": "arn:aws:ec2:us-east-1:797526292966:security-group/sg-0a6ca66f6f8be1be6",
            "description": "Allow http inbound traffic",
            "egress": [
              {
                "cidr_blocks": [
                  "0.0.0.0/0"
                ],
                "description": "",
                "from_port": 0,
                "ipv6_cidr_blocks": [],
                "prefix_list_ids": [],
                "protocol": "-1",
                "security_groups": [],
                "self": false,
                "to_port": 0
              }
            ],
            "id": "sg-0a6ca66f6f8be1be6",
            "ingress": [
              {
                "cidr_blocks": [
                  "0.0.0.0/0"
                ],
                "description": "",
                "from_port": 22,
                "ipv6_cidr_blocks": [],
                "prefix_list_ids": [],
                "protocol": "tcp",
                "security_groups": [],
                "self": false,
                "to_port": 22
              },
              {
                "cidr_blocks": [
                  "0.0.0.0/0"
                ],
                "description": "",
                "from_port": 5106,
                "ipv6_cidr_blocks": [],
                "prefix_list_ids": [],
                "protocol": "tcp",
                "security_groups": [],
                "self": false,
                "to_port": 5106
              }
            ],
            "name": "allow_http",
            "name_prefix": "",
            "owner_id": "797526292966",
            "revoke_rules_on_delete": false,
            "tags": null,
            "timeouts": null,
            "vpc_id": "vpc-0e48d1e2f709523f8"
          },
          "private": "eyJlMmJmYjczMC1lY2FhLTExZTYtOGY4OC0zNDM2M2JjN2M0YzAiOnsiY3JlYXRlIjo2MDAwMDAwMDAwMDAsImRlbGV0ZSI6NjAwMDAwMDAwMDAwfSwic2NoZW1hX3ZlcnNpb24iOiIxIn0=",
          "dependencies": [
            "aws_vpc.eshop_vpc"
          ]
        }
      ]
    },
    {
      "mode": "managed",
      "type": "aws_subnet",
      "name": "public",
      "provider": "provider[\"registry.terraform.io/hashicorp/aws\"]",
      "instances": [
        {
          "index_key": 0,
          "schema_version": 1,
          "attributes": {
            "arn": "arn:aws:ec2:us-east-1:797526292966:subnet/subnet-066ea6b1ff738d402",
            "assign_ipv6_address_on_creation": false,
            "availability_zone": "us-east-1a",
            "availability_zone_id": "use1-az2",
            "cidr_block": "10.20.1.0/24",
            "id": "subnet-066ea6b1ff738d402",
            "ipv6_cidr_block": "",
            "ipv6_cidr_block_association_id": "",
            "map_public_ip_on_launch": true,
            "outpost_arn": "",
            "owner_id": "797526292966",
            "tags": {
              "Name": "Subnet-1"
            },
            "timeouts": null,
            "vpc_id": "vpc-0e48d1e2f709523f8"
          },
          "private": "eyJlMmJmYjczMC1lY2FhLTExZTYtOGY4OC0zNDM2M2JjN2M0YzAiOnsiY3JlYXRlIjo2MDAwMDAwMDAwMDAsImRlbGV0ZSI6MTIwMDAwMDAwMDAwMH0sInNjaGVtYV92ZXJzaW9uIjoiMSJ9",
          "dependencies": [
            "aws_vpc.eshop_vpc"
          ]
        },
        {
          "index_key": 1,
          "schema_version": 1,
          "attributes": {
            "arn": "arn:aws:ec2:us-east-1:797526292966:subnet/subnet-024bb9624a8036f85",
            "assign_ipv6_address_on_creation": false,
            "availability_zone": "us-east-1b",
            "availability_zone_id": "use1-az4",
            "cidr_block": "10.20.2.0/24",
            "id": "subnet-024bb9624a8036f85",
            "ipv6_cidr_block": "",
            "ipv6_cidr_block_association_id": "",
            "map_public_ip_on_launch": true,
            "outpost_arn": "",
            "owner_id": "797526292966",
            "tags": {
              "Name": "Subnet-2"
            },
            "timeouts": null,
            "vpc_id": "vpc-0e48d1e2f709523f8"
          },
          "private": "eyJlMmJmYjczMC1lY2FhLTExZTYtOGY4OC0zNDM2M2JjN2M0YzAiOnsiY3JlYXRlIjo2MDAwMDAwMDAwMDAsImRlbGV0ZSI6MTIwMDAwMDAwMDAwMH0sInNjaGVtYV92ZXJzaW9uIjoiMSJ9",
          "dependencies": [
            "aws_vpc.eshop_vpc"
          ]
        }
      ]
    },
    {
      "mode": "managed",
      "type": "aws_vpc",
      "name": "eshop_vpc",
      "provider": "provider[\"registry.terraform.io/hashicorp/aws\"]",
      "instances": [
        {
          "schema_version": 1,
          "attributes": {
            "arn": "arn:aws:ec2:us-east-1:797526292966:vpc/vpc-0e48d1e2f709523f8",
            "assign_generated_ipv6_cidr_block": false,
            "cidr_block": "10.20.0.0/16",
            "default_network_acl_id": "acl-06e5684b92976fcfb",
            "default_route_table_id": "rtb-0cef95ca224613fcf",
            "default_security_group_id": "sg-0df28b2f98bb031bb",
            "dhcp_options_id": "dopt-0989208103abe3da3",
            "enable_classiclink": false,
            "enable_classiclink_dns_support": false,
            "enable_dns_hostnames": true,
            "enable_dns_support": true,
            "id": "vpc-0e48d1e2f709523f8",
            "instance_tenancy": "default",
            "ipv6_association_id": "",
            "ipv6_cidr_block": "",
            "main_route_table_id": "rtb-0cef95ca224613fcf",
            "owner_id": "797526292966",
            "tags": {
              "Name": "EshopVPC"
            }
          },
          "private": "eyJzY2hlbWFfdmVyc2lvbiI6IjEifQ=="
        }
      ]
    }
  ]
}
